
Microsoft Visual Studio Solution File, Format Version 12.00
Project("{FAE04EC0-301F-11D3-BF4B-00C04F79EFBC}") = "Interlinked", "Interlinked\Interlinked.csproj", "{096CA5E1-4C1B-4366-9C8C-FE7541551C20}"
EndProject
Project("{FAE04EC0-301F-11D3-BF4B-00C04F79EFBC}") = "GramEngine", "..\GramEngine\GramEngine.csproj", "{0802AC0F-FE6B-4C24-B6A9-F48607F22644}"
EndProject
Global
	GlobalSection(SolutionConfigurationPlatforms) = preSolution
		Debug|Any CPU = Debug|Any CPU
		Release|Any CPU = Release|Any CPU
	EndGlobalSection
	GlobalSection(ProjectConfigurationPlatforms) = postSolution
		{096CA5E1-4C1B-4366-9C8C-FE7541551C20}.Debug|Any CPU.ActiveCfg = Debug|Any CPU
		{096CA5E1-4C1B-4366-9C8C-FE7541551C20}.Debug|Any CPU.Build.0 = Debug|Any CPU
		{096CA5E1-4C1B-4366-9C8C-FE7541551C20}.Release|Any CPU.ActiveCfg = Release|Any CPU
		{096CA5E1-4C1B-4366-9C8C-FE7541551C20}.Release|Any CPU.Build.0 = Release|Any CPU
		{0802AC0F-FE6B-4C24-B6A9-F48607F22644}.Debug|Any CPU.ActiveCfg = Debug|Any CPU
		{0802AC0F-FE6B-4C24-B6A9-F48607F22644}.Debug|Any CPU.Build.0 = Debug|Any CPU
		{0802AC0F-FE6B-4C24-B6A9-F48607F22644}.Release|Any CPU.ActiveCfg = Release|Any CPU
		{0802AC0F-FE6B-4C24-B6A9-F48607F22644}.Release|Any CPU.Build.0 = Release|Any CPU
	EndGlobalSection
EndGlobal
